
Microsoft Visual Studio Solution File, Format Version 12.00
# Visual Studio Version 17
VisualStudioVersion = 17.14.36221.1
MinimumVisualStudioVersion = 10.0.40219.1
Project("{FAE04EC0-301F-11D3-BF4B-00C04F79EFBC}") = "Restaurant.PL", "ITIResturant\Restaurant.PL.csproj", "{84A3EC04-1193-4E0F-9628-C576F11D7AAA}"
EndProject
Project("{FAE04EC0-301F-11D3-BF4B-00C04F79EFBC}") = "Restaurant.DAL", "DAL\Restaurant.DAL.csproj", "{3140AEAF-6EDC-4927-8E1E-C8FF6E968C87}"
EndProject
Project("{FAE04EC0-301F-11D3-BF4B-00C04F79EFBC}") = "Restaurant.BLL", "BIL\Restaurant.BLL.csproj", "{0C2B3F91-A425-4D5F-BC01-F474C0C5510A}"
EndProject
Global
	GlobalSection(SolutionConfigurationPlatforms) = preSolution
		Debug|Any CPU = Debug|Any CPU
		Release|Any CPU = Release|Any CPU
	EndGlobalSection
	GlobalSection(ProjectConfigurationPlatforms) = postSolution
		{84A3EC04-1193-4E0F-9628-C576F11D7AAA}.Debug|Any CPU.ActiveCfg = Debug|Any CPU
		{84A3EC04-1193-4E0F-9628-C576F11D7AAA}.Debug|Any CPU.Build.0 = Debug|Any CPU
		{84A3EC04-1193-4E0F-9628-C576F11D7AAA}.Release|Any CPU.ActiveCfg = Release|Any CPU
		{84A3EC04-1193-4E0F-9628-C576F11D7AAA}.Release|Any CPU.Build.0 = Release|Any CPU
		{3140AEAF-6EDC-4927-8E1E-C8FF6E968C87}.Debug|Any CPU.ActiveCfg = Debug|Any CPU
		{3140AEAF-6EDC-4927-8E1E-C8FF6E968C87}.Debug|Any CPU.Build.0 = Debug|Any CPU
		{3140AEAF-6EDC-4927-8E1E-C8FF6E968C87}.Release|Any CPU.ActiveCfg = Release|Any CPU
		{3140AEAF-6EDC-4927-8E1E-C8FF6E968C87}.Release|Any CPU.Build.0 = Release|Any CPU
		{0C2B3F91-A425-4D5F-BC01-F474C0C5510A}.Debug|Any CPU.ActiveCfg = Debug|Any CPU
		{0C2B3F91-A425-4D5F-BC01-F474C0C5510A}.Debug|Any CPU.Build.0 = Debug|Any CPU
		{0C2B3F91-A425-4D5F-BC01-F474C0C5510A}.Release|Any CPU.ActiveCfg = Release|Any CPU
		{0C2B3F91-A425-4D5F-BC01-F474C0C5510A}.Release|Any CPU.Build.0 = Release|Any CPU
	EndGlobalSection
	GlobalSection(SolutionProperties) = preSolution
		HideSolutionNode = FALSE
	EndGlobalSection
	GlobalSection(ExtensibilityGlobals) = postSolution
		SolutionGuid = {8C96B0FD-EBB8-4E77-B133-C7A2CE3B220D}
	EndGlobalSection
EndGlobal
